
Microsoft Visual Studio Solution File, Format Version 12.00
# Visual Studio Version 16
VisualStudioVersion = 16.0.29519.87
MinimumVisualStudioVersion = 10.0.40219.1
Project("{FAE04EC0-301F-11D3-BF4B-00C04F79EFBC}") = "OHLCGenerator", "OHLCGenerator.csproj", "{23234150-AF8D-4119-8BE2-B78A91CD28B5}"
EndProject
Global
	GlobalSection(SolutionConfigurationPlatforms) = preSolution
		Debug|Any CPU = Debug|Any CPU
		Release|Any CPU = Release|Any CPU
	EndGlobalSection
	GlobalSection(ProjectConfigurationPlatforms) = postSolution
		{23234150-AF8D-4119-8BE2-B78A91CD28B5}.Debug|Any CPU.ActiveCfg = Debug|Any CPU
		{23234150-AF8D-4119-8BE2-B78A91CD28B5}.Debug|Any CPU.Build.0 = Debug|Any CPU
		{23234150-AF8D-4119-8BE2-B78A91CD28B5}.Release|Any CPU.ActiveCfg = Release|Any CPU
		{23234150-AF8D-4119-8BE2-B78A91CD28B5}.Release|Any CPU.Build.0 = Release|Any CPU
	EndGlobalSection
	GlobalSection(SolutionProperties) = preSolution
		HideSolutionNode = FALSE
	EndGlobalSection
	GlobalSection(ExtensibilityGlobals) = postSolution
		SolutionGuid = {4DB73063-BF9F-42DE-BC20-0E3292632A21}
	EndGlobalSection
EndGlobal
